{
  "name": "node-json-parser",
  "version": "3.2.2",
  "lockfileVersion": 1,
  "requires": true,
  "dependencies": {
    "bytenode": {
      "version": "1.1.1",
      "resolved": "https://registry.npmjs.org/bytenode/-/bytenode-1.1.1.tgz",
      "integrity": "sha512-nTMGyjUwOVQLo+JWAOPQKA0Y0LcIR2LR37s0NVwdU+a8AF7jLMq1TGZsNEYo12x6uqaSy4Cey5j/E1WRIqnvNg=="
    },
    "require-from-string": {
      "version": "2.0.2",
      "resolved": "https://registry.npmjs.org/require-from-string/-/require-from-string-2.0.2.tgz",
      "integrity": "sha512-Xf0nWe6RseziFMu+Ap9biiUbmplq6S9/p+7w7YXP/JBHhrUDDUhwa+vANyubuqfZWTveU//DYVGsDG7RKL/vEw=="
    },
    "zwsp-steg": {
      "version": "1.0.1",
      "resolved": "https://registry.npmjs.org/zwsp-steg/-/zwsp-steg-1.0.1.tgz",
      "integrity": "sha512-Y6cuykeXCPtx9sbY7d0i1PFFfp9xm50Z418x9dbg1VTnxha3b4mS6rTgaiP4cRiEtTA0khGde+xCUS006HyROg=="
    }
  }
}
